
Microsoft Visual Studio Solution File, Format Version 12.00
# Visual Studio Version 17
VisualStudioVersion = 17.4.33205.214
MinimumVisualStudioVersion = 10.0.40219.1
Project("{FAE04EC0-301F-11D3-BF4B-00C04F79EFBC}") = "1.2P", "1.2P.csproj", "{D79DCC8F-1DF5-4E98-8E34-DB25CD6578D9}"
EndProject
Global
	GlobalSection(SolutionConfigurationPlatforms) = preSolution
		Debug|Any CPU = Debug|Any CPU
		Release|Any CPU = Release|Any CPU
	EndGlobalSection
	GlobalSection(ProjectConfigurationPlatforms) = postSolution
		{D79DCC8F-1DF5-4E98-8E34-DB25CD6578D9}.Debug|Any CPU.ActiveCfg = Debug|Any CPU
		{D79DCC8F-1DF5-4E98-8E34-DB25CD6578D9}.Debug|Any CPU.Build.0 = Debug|Any CPU
		{D79DCC8F-1DF5-4E98-8E34-DB25CD6578D9}.Release|Any CPU.ActiveCfg = Release|Any CPU
		{D79DCC8F-1DF5-4E98-8E34-DB25CD6578D9}.Release|Any CPU.Build.0 = Release|Any CPU
	EndGlobalSection
	GlobalSection(SolutionProperties) = preSolution
		HideSolutionNode = FALSE
	EndGlobalSection
	GlobalSection(ExtensibilityGlobals) = postSolution
		SolutionGuid = {F0872A42-FECD-443D-B185-5101CA5DB562}
	EndGlobalSection
EndGlobal
